
Microsoft Visual Studio Solution File, Format Version 12.00
# Visual Studio Version 17
VisualStudioVersion = 17.14.36908.2 d17.14
MinimumVisualStudioVersion = 10.0.40219.1
Project("{FAE04EC0-301F-11D3-BF4B-00C04F79EFBC}") = "DockerZip", "DockerZip.csproj", "{AC070AE3-A6CA-FCAC-491D-79F50011B926}"
EndProject
Global
	GlobalSection(SolutionConfigurationPlatforms) = preSolution
		Debug|Any CPU = Debug|Any CPU
		Release|Any CPU = Release|Any CPU
	EndGlobalSection
	GlobalSection(ProjectConfigurationPlatforms) = postSolution
		{AC070AE3-A6CA-FCAC-491D-79F50011B926}.Debug|Any CPU.ActiveCfg = Debug|Any CPU
		{AC070AE3-A6CA-FCAC-491D-79F50011B926}.Debug|Any CPU.Build.0 = Debug|Any CPU
		{AC070AE3-A6CA-FCAC-491D-79F50011B926}.Release|Any CPU.ActiveCfg = Release|Any CPU
		{AC070AE3-A6CA-FCAC-491D-79F50011B926}.Release|Any CPU.Build.0 = Release|Any CPU
	EndGlobalSection
	GlobalSection(SolutionProperties) = preSolution
		HideSolutionNode = FALSE
	EndGlobalSection
	GlobalSection(ExtensibilityGlobals) = postSolution
		SolutionGuid = {386D4959-C16F-4B2D-9ABC-53B978161300}
	EndGlobalSection
EndGlobal
